[renv]
Version=0.4.0-21

[R]
Version=3.4.4
Repositories=
	CRAN=https://cloud.r-project.org

[R/Package/BH]
Package=BH
Version=1.69.0-1
Source=CRAN
Hash=9a7e195aa1fff8e765e0e2689f7f0974

[R/Package/DBI]
Package=DBI
Version=1.0.0
Source=CRAN
Hash=b3ce09583a739daaa9bd82570439f890

[R/Package/RSQLite]
Package=RSQLite
Version=2.1.1
Source=CRAN
Hash=b98954f112255a72d11ef708acf48e5f

[R/Package/Rcpp]
Package=Rcpp
Version=1.0.1
Source=CRAN
Hash=0deee53cf729d9c7095e139bf9bca95b

[R/Package/assertthat]
Package=assertthat
Version=0.2.1
Source=CRAN
Hash=32aadd8df2bfbc4cb5e3fdb0760e8075

[R/Package/bit]
Package=bit
Version=1.1-14
Source=CRAN
Hash=d04ab8df755f12128b5c357ad7942b6c

[R/Package/bit64]
Package=bit64
Version=0.9-7
Source=CRAN
Hash=e578b3bb0e4e7fd45d738486a6c534d3

[R/Package/blob]
Package=blob
Version=1.1.1
Source=CRAN
Hash=db26cc7a3ed77e4e33bf9658da842a4a

[R/Package/digest]
Package=digest
Version=0.6.19
Source=CRAN
Hash=d3365737e889d39995e21d40a2814dd8

[R/Package/hms]
Package=hms
Version=0.4.2
Source=CRAN
Hash=d5dc4c12d6658f58e75527abce871c3b

[R/Package/magrittr]
Package=magrittr
Version=1.5
Source=CRAN
Hash=fdf3572e533ae799ee1bddeabae3eeda

[R/Package/memoise]
Package=memoise
Version=1.1.0
Source=CRAN
Hash=cc28b3c83d72bdd8e4609f276fd4878c

[R/Package/odbc]
Package=odbc
Version=1.1.6
Source=CRAN
Hash=1e6e19cbd9e7b2fe85e25cd4838025fe

[R/Package/pkgconfig]
Package=pkgconfig
Version=2.0.2
Source=CRAN
Hash=0e951002195d510487aea133da89e07b

[R/Package/plogr]
Package=plogr
Version=0.2.0
Source=CRAN
Hash=d218d9224f9d7bc58c722488152401dd

[R/Package/prettyunits]
Package=prettyunits
Version=1.0.2
Source=CRAN
Hash=e1491f4bafa8b0755e1524e1816ca907

[R/Package/rlang]
Package=rlang
Version=0.3.4
Source=CRAN
Hash=b652896c0ee4bf8e5c75ea002558453b

